
Microsoft Visual Studio Solution File, Format Version 12.00
# Visual Studio Version 16
VisualStudioVersion = 16.0.28729.10
MinimumVisualStudioVersion = 10.0.40219.1
Project("{9A19103F-16F7-4668-BE54-9A1E7A4F7556}") = "WattTime.Alexa.Functions", "Functions\WattTime.Alexa.Functions.csproj", "{7A95515E-529C-4711-B00B-682BE9A39F88}"
EndProject
Project("{151D2E53-A2C4-4D7D-83FE-D05416EBD58E}") = "WattTime.Alexa.Deploy", "WattTime.Alexa.Deploy\WattTime.Alexa.Deploy.deployproj", "{E0FFAD6C-0041-4A95-ACDE-AAEC1C6EAEAB}"
EndProject
Global
	GlobalSection(SolutionConfigurationPlatforms) = preSolution
		Debug|Any CPU = Debug|Any CPU
		Release|Any CPU = Release|Any CPU
	EndGlobalSection
	GlobalSection(ProjectConfigurationPlatforms) = postSolution
		{7A95515E-529C-4711-B00B-682BE9A39F88}.Debug|Any CPU.ActiveCfg = Debug|Any CPU
		{7A95515E-529C-4711-B00B-682BE9A39F88}.Debug|Any CPU.Build.0 = Debug|Any CPU
		{7A95515E-529C-4711-B00B-682BE9A39F88}.Release|Any CPU.ActiveCfg = Release|Any CPU
		{7A95515E-529C-4711-B00B-682BE9A39F88}.Release|Any CPU.Build.0 = Release|Any CPU
		{E0FFAD6C-0041-4A95-ACDE-AAEC1C6EAEAB}.Debug|Any CPU.ActiveCfg = Debug|Any CPU
		{E0FFAD6C-0041-4A95-ACDE-AAEC1C6EAEAB}.Debug|Any CPU.Build.0 = Debug|Any CPU
		{E0FFAD6C-0041-4A95-ACDE-AAEC1C6EAEAB}.Release|Any CPU.ActiveCfg = Release|Any CPU
		{E0FFAD6C-0041-4A95-ACDE-AAEC1C6EAEAB}.Release|Any CPU.Build.0 = Release|Any CPU
	EndGlobalSection
	GlobalSection(SolutionProperties) = preSolution
		HideSolutionNode = FALSE
	EndGlobalSection
	GlobalSection(ExtensibilityGlobals) = postSolution
		SolutionGuid = {4641D13F-0B20-4052-8D68-701E5AA54B13}
	EndGlobalSection
EndGlobal
